
Microsoft Visual Studio Solution File, Format Version 12.00
# Visual Studio Version 16
VisualStudioVersion = 16.0.29806.167
MinimumVisualStudioVersion = 10.0.40219.1
Project("{8BC9CEB8-8B4A-11D0-8D11-00A0C91BC942}") = "Assement_3_Snakie_Luaay_Naboulsi", "Assement_3_Snakie_Luaay_Naboulsi.vcxproj", "{5A617BBF-29F0-4D3C-BCDD-A35A9920D611}"
EndProject
Global
	GlobalSection(SolutionConfigurationPlatforms) = preSolution
		Debug|x64 = Debug|x64
		Debug|x86 = Debug|x86
		Release|x64 = Release|x64
		Release|x86 = Release|x86
	EndGlobalSection
	GlobalSection(ProjectConfigurationPlatforms) = postSolution
		{5A617BBF-29F0-4D3C-BCDD-A35A9920D611}.Debug|x64.ActiveCfg = Debug|x64
		{5A617BBF-29F0-4D3C-BCDD-A35A9920D611}.Debug|x64.Build.0 = Debug|x64
		{5A617BBF-29F0-4D3C-BCDD-A35A9920D611}.Debug|x86.ActiveCfg = Debug|Win32
		{5A617BBF-29F0-4D3C-BCDD-A35A9920D611}.Debug|x86.Build.0 = Debug|Win32
		{5A617BBF-29F0-4D3C-BCDD-A35A9920D611}.Release|x64.ActiveCfg = Release|x64
		{5A617BBF-29F0-4D3C-BCDD-A35A9920D611}.Release|x64.Build.0 = Release|x64
		{5A617BBF-29F0-4D3C-BCDD-A35A9920D611}.Release|x86.ActiveCfg = Release|Win32
		{5A617BBF-29F0-4D3C-BCDD-A35A9920D611}.Release|x86.Build.0 = Release|Win32
	EndGlobalSection
	GlobalSection(SolutionProperties) = preSolution
		HideSolutionNode = FALSE
	EndGlobalSection
	GlobalSection(ExtensibilityGlobals) = postSolution
		SolutionGuid = {4CE2F4A3-FFF2-47AE-A433-7421984DE9A2}
	EndGlobalSection
EndGlobal
